// !$*UTF8*$!
{
	archiveVersion = 1;
	classes = {
	};
	objectVersion = 50;
	objects = {

/* Begin PBXBuildFile section */
		A6DE234C21326D6E00A9152B /* libopus.a in Frameworks */ = {isa = PBXBuildFile; fileRef = A6DE234B21326D6E00A9152B /* libopus.a */; };
		A6DE235321326DAB00A9152B /* debug.cpp in Sources */ = {isa = PBXBuildFile; fileRef = A6DE234E21326DAB00A9152B /* debug.cpp */; };
		A6DE235421326DAB00A9152B /* entrypoint.cpp in Sources */ = {isa = PBXBuildFile; fileRef = A6DE234F21326DAB00A9152B /* entrypoint.cpp */; };
		A6DE235521326DAB00A9152B /* runtime_error.cpp in Sources */ = {isa = PBXBuildFile; fileRef = A6DE235221326DAB00A9152B /* runtime_error.cpp */; };
/* End PBXBuildFile section */

/* Begin PBXFileReference section */
		A6DE234121326B2F00A9152B /* UnityOpus.bundle */ = {isa = PBXFileReference; explicitFileType = wrapper.cfbundle; includeInIndex = 0; path = UnityOpus.bundle; sourceTree = BUILT_PRODUCTS_DIR; };
		A6DE234421326B2F00A9152B /* Info.plist */ = {isa = PBXFileReference; lastKnownFileType = text.plist.xml; path = Info.plist; sourceTree = "<group>"; };
		A6DE234B21326D6E00A9152B /* libopus.a */ = {isa = PBXFileReference; lastKnownFileType = archive.ar; name = libopus.a; path = ../libopus/lib/Release/libopus.a; sourceTree = "<group>"; };
		A6DE234D21326DAB00A9152B /* runtime_error.h */ = {isa = PBXFileReference; fileEncoding = 4; lastKnownFileType = sourcecode.c.h; name = runtime_error.h; path = ../../runtime_error.h; sourceTree = "<group>"; };
		A6DE234E21326DAB00A9152B /* debug.cpp */ = {isa = PBXFileReference; fileEncoding = 4; lastKnownFileType = sourcecode.cpp.cpp; name = debug.cpp; path = ../../debug.cpp; sourceTree = "<group>"; };
		A6DE234F21326DAB00A9152B /* entrypoint.cpp */ = {isa = PBXFileReference; fileEncoding = 4; lastKnownFileType = sourcecode.cpp.cpp; name = entrypoint.cpp; path = ../../entrypoint.cpp; sourceTree = "<group>"; };
		A6DE235021326DAB00A9152B /* debug.h */ = {isa = PBXFileReference; fileEncoding = 4; lastKnownFileType = sourcecode.c.h; name = debug.h; path = ../../debug.h; sourceTree = "<group>"; };
		A6DE235121326DAB00A9152B /* IUnityInterface.h */ = {isa = PBXFileReference; fileEncoding = 4; lastKnownFileType = sourcecode.c.h; name = IUnityInterface.h; path = ../../IUnityInterface.h; sourceTree = "<group>"; };
		A6DE235221326DAB00A9152B /* runtime_error.cpp */ = {isa = PBXFileReference; fileEncoding = 4; lastKnownFileType = sourcecode.cpp.cpp; name = runtime_error.cpp; path = ../../runtime_error.cpp; sourceTree = "<group>"; };
/* End PBXFileReference section */

/* Begin PBXFrameworksBuildPhase section */
		A6DE233E21326B2F00A9152B /* Frameworks */ = {
			isa = PBXFrameworksBuildPhase;
			buildActionMask = 2147483647;
			files = (
				A6DE234C21326D6E00A9152B /* libopus.a in Frameworks */,
			);
			runOnlyForDeploymentPostprocessing = 0;
		};
/* End PBXFrameworksBuildPhase section */

/* Begin PBXGroup section */
		A6DE233821326B2F00A9152B = {
			isa = PBXGroup;
			children = (
				A6DE234321326B2F00A9152B /* UnityOpus */,
				A6DE234221326B2F00A9152B /* Products */,
				A6DE234A21326D6E00A9152B /* Frameworks */,
			);
			sourceTree = "<group>";
		};
		A6DE234221326B2F00A9152B /* Products */ = {
			isa = PBXGroup;
			children = (
				A6DE234121326B2F00A9152B /* UnityOpus.bundle */,
			);
			name = Products;
			sourceTree = "<group>";
		};
		A6DE234321326B2F00A9152B /* UnityOpus */ = {
			isa = PBXGroup;
			children = (
				A6DE234E21326DAB00A9152B /* debug.cpp */,
				A6DE235021326DAB00A9152B /* debug.h */,
				A6DE234F21326DAB00A9152B /* entrypoint.cpp */,
				A6DE235121326DAB00A9152B /* IUnityInterface.h */,
				A6DE235221326DAB00A9152B /* runtime_error.cpp */,
				A6DE234D21326DAB00A9152B /* runtime_error.h */,
				A6DE234421326B2F00A9152B /* Info.plist */,
			);
			path = UnityOpus;
			sourceTree = "<group>";
		};
		A6DE234A21326D6E00A9152B /* Frameworks */ = {
			isa = PBXGroup;
			children = (
				A6DE234B21326D6E00A9152B /* libopus.a */,
			);
			name = Frameworks;
			sourceTree = "<group>";
		};
/* End PBXGroup section */

/* Begin PBXNativeTarget section */
		A6DE234021326B2F00A9152B /* UnityOpus */ = {
			isa = PBXNativeTarget;
			buildConfigurationList = A6DE234721326B2F00A9152B /* Build configuration list for PBXNativeTarget "UnityOpus" */;
			buildPhases = (
				A6DE233D21326B2F00A9152B /* Sources */,
				A6DE233E21326B2F00A9152B /* Frameworks */,
				A6DE233F21326B2F00A9152B /* Resources */,
				A6DE235C213278D000A9152B /* ShellScript */,
			);
			buildRules = (
			);
			dependencies = (
			);
			name = UnityOpus;
			productName = UnityOpus;
			productReference = A6DE234121326B2F00A9152B /* UnityOpus.bundle */;
			productType = "com.apple.product-type.bundle";
		};
/* End PBXNativeTarget section */

/* Begin PBXProject section */
		A6DE233921326B2F00A9152B /* Project object */ = {
			isa = PBXProject;
			attributes = {
				LastUpgradeCheck = 0940;
				ORGANIZATIONNAME = TyounanMOTI;
				TargetAttributes = {
					A6DE234021326B2F00A9152B = {
						CreatedOnToolsVersion = 9.4.1;
					};
				};
			};
			buildConfigurationList = A6DE233C21326B2F00A9152B /* Build configuration list for PBXProject "UnityOpus" */;
			compatibilityVersion = "Xcode 9.3";
			developmentRegion = en;
			hasScannedForEncodings = 0;
			knownRegions = (
				en,
			);
			mainGroup = A6DE233821326B2F00A9152B;
			productRefGroup = A6DE234221326B2F00A9152B /* Products */;
			projectDirPath = "";
			projectRoot = "";
			targets = (
				A6DE234021326B2F00A9152B /* UnityOpus */,
			);
		};
/* End PBXProject section */

/* Begin PBXResourcesBuildPhase section */
		A6DE233F21326B2F00A9152B /* Resources */ = {
			isa = PBXResourcesBuildPhase;
			buildActionMask = 2147483647;
			files = (
			);
			runOnlyForDeploymentPostprocessing = 0;
		};
/* End PBXResourcesBuildPhase section */

/* Begin PBXShellScriptBuildPhase section */
		A6DE235C213278D000A9152B /* ShellScript */ = {
			isa = PBXShellScriptBuildPhase;
			buildActionMask = 2147483647;
			files = (
			);
			inputPaths = (
			);
			outputPaths = (
			);
			runOnlyForDeploymentPostprocessing = 0;
			shellPath = /bin/sh;
			shellScript = "cp -f -R ${BUILT_PRODUCTS_DIR}/${EXECUTABLE_NAME}.bundle ../../Assets/Plugins/UnityOpus/Plugins/Mac/";
		};
/* End PBXShellScriptBuildPhase section */

/* Begin PBXSourcesBuildPhase section */
		A6DE233D21326B2F00A9152B /* Sources */ = {
			isa = PBXSourcesBuildPhase;
			buildActionMask = 2147483647;
			files = (
				A6DE235521326DAB00A9152B /* runtime_error.cpp in Sources */,
				A6DE235321326DAB00A9152B /* debug.cpp in Sources */,
				A6DE235421326DAB00A9152B /* entrypoint.cpp in Sources */,
			);
			runOnlyForDeploymentPostprocessing = 0;
		};
/* End PBXSourcesBuildPhase section */

/* Begin XCBuildConfiguration section */
		A6DE234521326B2F00A9152B /* Debug */ = {
			isa = XCBuildConfiguration;
			buildSettings = {
				ALWAYS_SEARCH_USER_PATHS = NO;
				CLANG_ANALYZER_NONNULL = YES;
				CLANG_ANALYZER_NUMBER_OBJECT_CONVERSION = YES_AGGRESSIVE;
				CLANG_CXX_LANGUAGE_STANDARD = "gnu++14";
				CLANG_CXX_LIBRARY = "libc++";
				CLANG_ENABLE_MODULES = YES;
				CLANG_ENABLE_OBJC_ARC = YES;
				CLANG_ENABLE_OBJC_WEAK = YES;
				CLANG_WARN_BLOCK_CAPTURE_AUTORELEASING = YES;
				CLANG_WARN_BOOL_CONVERSION = YES;
				CLANG_WARN_COMMA = YES;
				CLANG_WARN_CONSTANT_CONVERSION = YES;
				CLANG_WARN_DEPRECATED_OBJC_IMPLEMENTATIONS = YES;
				CLANG_WARN_DIRECT_OBJC_ISA_USAGE = YES_ERROR;
				CLANG_WARN_DOCUMENTATION_COMMENTS = YES;
				CLANG_WARN_EMPTY_BODY = YES;
				CLANG_WARN_ENUM_CONVERSION = YES;
				CLANG_WARN_INFINITE_RECURSION = YES;
				CLANG_WARN_INT_CONVERSION = YES;
				CLANG_WARN_NON_LITERAL_NULL_CONVERSION = YES;
				CLANG_WARN_OBJC_IMPLICIT_RETAIN_SELF = YES;
				CLANG_WARN_OBJC_LITERAL_CONVERSION = YES;
				CLANG_WARN_OBJC_ROOT_CLASS = YES_ERROR;
				CLANG_WARN_RANGE_LOOP_ANALYSIS = YES;
				CLANG_WARN_STRICT_PROTOTYPES = YES;
				CLANG_WARN_SUSPICIOUS_MOVE = YES;
				CLANG_WARN_UNGUARDED_AVAILABILITY = YES_AGGRESSIVE;
				CLANG_WARN_UNREACHABLE_CODE = YES;
				CLANG_WARN__DUPLICATE_METHOD_MATCH = YES;
				CODE_SIGN_IDENTITY = "-";
				COPY_PHASE_STRIP = NO;
				DEBUG_INFORMATION_FORMAT = dwarf;
				ENABLE_STRICT_OBJC_MSGSEND = YES;
				ENABLE_TESTABILITY = YES;
				GCC_C_LANGUAGE_STANDARD = gnu11;
				GCC_DYNAMIC_NO_PIC = NO;
				GCC_NO_COMMON_BLOCKS = YES;
				GCC_OPTIMIZATION_LEVEL = 0;
				GCC_PREPROCESSOR_DEFINITIONS = (
					"DEBUG=1",
					"$(inherited)",
				);
				GCC_WARN_64_TO_32_BIT_CONVERSION = YES;
				GCC_WARN_ABOUT_RETURN_TYPE = YES_ERROR;
				GCC_WARN_UNDECLARED_SELECTOR = YES;
				GCC_WARN_UNINITIALIZED_AUTOS = YES_AGGRESSIVE;
				GCC_WARN_UNUSED_FUNCTION = YES;
				GCC_WARN_UNUSED_VARIABLE = YES;
				MACOSX_DEPLOYMENT_TARGET = 10.13;
				MTL_ENABLE_DEBUG_INFO = YES;
				ONLY_ACTIVE_ARCH = YES;
				SDKROOT = macosx;
			};
			name = Debug;
		};
		A6DE234621326B2F00A9152B /* Release */ = {
			isa = XCBuildConfiguration;
			buildSettings = {
				ALWAYS_SEARCH_USER_PATHS = NO;
				CLANG_ANALYZER_NONNULL = YES;
				CLANG_ANALYZER_NUMBER_OBJECT_CONVERSION = YES_AGGRESSIVE;
				CLANG_CXX_LANGUAGE_STANDARD = "gnu++14";
				CLANG_CXX_LIBRARY = "libc++";
				CLANG_ENABLE_MODULES = YES;
				CLANG_ENABLE_OBJC_ARC = YES;
				CLANG_ENABLE_OBJC_WEAK = YES;
				CLANG_WARN_BLOCK_CAPTURE_AUTORELEASING = YES;
				CLANG_WARN_BOOL_CONVERSION = YES;
				CLANG_WARN_COMMA = YES;
				CLANG_WARN_CONSTANT_CONVERSION = YES;
				CLANG_WARN_DEPRECATED_OBJC_IMPLEMENTATIONS = YES;
				CLANG_WARN_DIRECT_OBJC_ISA_USAGE = YES_ERROR;
				CLANG_WARN_DOCUMENTATION_COMMENTS = YES;
				CLANG_WARN_EMPTY_BODY = YES;
				CLANG_WARN_ENUM_CONVERSION = YES;
				CLANG_WARN_INFINITE_RECURSION = YES;
				CLANG_WARN_INT_CONVERSION = YES;
				CLANG_WARN_NON_LITERAL_NULL_CONVERSION = YES;
				CLANG_WARN_OBJC_IMPLICIT_RETAIN_SELF = YES;
				CLANG_WARN_OBJC_LITERAL_CONVERSION = YES;
				CLANG_WARN_OBJC_ROOT_CLASS = YES_ERROR;
				CLANG_WARN_RANGE_LOOP_ANALYSIS = YES;
				CLANG_WARN_STRICT_PROTOTYPES = YES;
				CLANG_WARN_SUSPICIOUS_MOVE = YES;
				CLANG_WARN_UNGUARDED_AVAILABILITY = YES_AGGRESSIVE;
				CLANG_WARN_UNREACHABLE_CODE = YES;
				CLANG_WARN__DUPLICATE_METHOD_MATCH = YES;
				CODE_SIGN_IDENTITY = "-";
				COPY_PHASE_STRIP = NO;
				DEBUG_INFORMATION_FORMAT = "dwarf-with-dsym";
				ENABLE_NS_ASSERTIONS = NO;
				ENABLE_STRICT_OBJC_MSGSEND = YES;
				GCC_C_LANGUAGE_STANDARD = gnu11;
				GCC_NO_COMMON_BLOCKS = YES;
				GCC_WARN_64_TO_32_BIT_CONVERSION = YES;
				GCC_WARN_ABOUT_RETURN_TYPE = YES_ERROR;
				GCC_WARN_UNDECLARED_SELECTOR = YES;
				GCC_WARN_UNINITIALIZED_AUTOS = YES_AGGRESSIVE;
				GCC_WARN_UNUSED_FUNCTION = YES;
				GCC_WARN_UNUSED_VARIABLE = YES;
				MACOSX_DEPLOYMENT_TARGET = 10.13;
				MTL_ENABLE_DEBUG_INFO = NO;
				SDKROOT = macosx;
			};
			name = Release;
		};
		A6DE234821326B2F00A9152B /* Debug */ = {
			isa = XCBuildConfiguration;
			buildSettings = {
				CODE_SIGN_STYLE = Automatic;
				COMBINE_HIDPI_IMAGES = YES;
				HEADER_SEARCH_PATHS = ../libopus/include/;
				INFOPLIST_FILE = UnityOpus/Info.plist;
				LIBRARY_SEARCH_PATHS = ../libopus/lib/Release;
				PRODUCT_BUNDLE_IDENTIFIER = com.tyounanmoti.UnityOpus;
				PRODUCT_NAME = "$(TARGET_NAME)";
				WRAPPER_EXTENSION = bundle;
			};
			name = Debug;
		};
		A6DE234921326B2F00A9152B /* Release */ = {
			isa = XCBuildConfiguration;
			buildSettings = {
				CODE_SIGN_STYLE = Automatic;
				COMBINE_HIDPI_IMAGES = YES;
				HEADER_SEARCH_PATHS = ../libopus/include/;
				INFOPLIST_FILE = UnityOpus/Info.plist;
				LIBRARY_SEARCH_PATHS = ../libopus/lib/Release;
				PRODUCT_BUNDLE_IDENTIFIER = com.tyounanmoti.UnityOpus;
				PRODUCT_NAME = "$(TARGET_NAME)";
				WRAPPER_EXTENSION = bundle;
			};
			name = Release;
		};
/* End XCBuildConfiguration section */

/* Begin XCConfigurationList section */
		A6DE233C21326B2F00A9152B /* Build configuration list for PBXProject "UnityOpus" */ = {
			isa = XCConfigurationList;
			buildConfigurations = (
				A6DE234521326B2F00A9152B /* Debug */,
				A6DE234621326B2F00A9152B /* Release */,
			);
			defaultConfigurationIsVisible = 0;
			defaultConfigurationName = Release;
		};
		A6DE234721326B2F00A9152B /* Build configuration list for PBXNativeTarget "UnityOpus" */ = {
			isa = XCConfigurationList;
			buildConfigurations = (
				A6DE234821326B2F00A9152B /* Debug */,
				A6DE234921326B2F00A9152B /* Release */,
			);
			defaultConfigurationIsVisible = 0;
			defaultConfigurationName = Release;
		};
/* End XCConfigurationList section */
	};
	rootObject = A6DE233921326B2F00A9152B /* Project object */;
}
